Microsoft Visual Studio Solution File, Format Version 12.00
# Visual Studio Version 16
VisualStudioVersion = 16.0.30717.126
MinimumVisualStudioVersion = 10.0.40219.1
Project("{9A19103F-16F7-4668-BE54-9A1E7A4F7556}") = "KaynJungle", "KaynJungle\KaynJungle.csproj", "{2C058E4A-CAD9-4232-A448-D31D1359928B}"
EndProject
Project("{9A19103F-16F7-4668-BE54-9A1E7A4F7556}") = "KaynJungle.Core", "KaynJungle.Core\KaynJungle.Core.csproj", "{47A25CF5-83A0-4EF1-A085-C3A9651887FC}"
EndProject
Project("{9A19103F-16F7-4668-BE54-9A1E7A4F7556}") = "KaynJungle.BL", "KaynJungle.BL\KaynJungle.BL.csproj", "{5C22AD69-51C7-4D3F-9B00-9EFE4D14FDDD}"
EndProject
Project("{9A19103F-16F7-4668-BE54-9A1E7A4F7556}") = "KaynJungle.DAL", "KaynJungle.DAL\KaynJungle.DAL.csproj", "{4919C369-4CDF-4D02-BFFA-0845C0A04857}"
EndProject
Project("{FAE04EC0-301F-11D3-BF4B-00C04F79EFBC}") = "KaynJungle.IntegrationTests", "KaynJungle.IntegrationTests\KaynJungle.IntegrationTests.csproj", "{0FACE33A-FFEA-459F-ADDD-E3FDB7B2BF4B}"
EndProject
Global
	GlobalSection(SolutionConfigurationPlatforms) = preSolution
		Debug|Any CPU = Debug|Any CPU
		Release|Any CPU = Release|Any CPU
	EndGlobalSection
	GlobalSection(ProjectConfigurationPlatforms) = postSolution
		{2C058E4A-CAD9-4232-A448-D31D1359928B}.Debug|Any CPU.ActiveCfg = Debug|Any CPU
		{2C058E4A-CAD9-4232-A448-D31D1359928B}.Debug|Any CPU.Build.0 = Debug|Any CPU
		{2C058E4A-CAD9-4232-A448-D31D1359928B}.Release|Any CPU.ActiveCfg = Release|Any CPU
		{2C058E4A-CAD9-4232-A448-D31D1359928B}.Release|Any CPU.Build.0 = Release|Any CPU
		{47A25CF5-83A0-4EF1-A085-C3A9651887FC}.Debug|Any CPU.ActiveCfg = Debug|Any CPU
		{47A25CF5-83A0-4EF1-A085-C3A9651887FC}.Debug|Any CPU.Build.0 = Debug|Any CPU
		{47A25CF5-83A0-4EF1-A085-C3A9651887FC}.Release|Any CPU.ActiveCfg = Release|Any CPU
		{47A25CF5-83A0-4EF1-A085-C3A9651887FC}.Release|Any CPU.Build.0 = Release|Any CPU
		{5C22AD69-51C7-4D3F-9B00-9EFE4D14FDDD}.Debug|Any CPU.ActiveCfg = Debug|Any CPU
		{5C22AD69-51C7-4D3F-9B00-9EFE4D14FDDD}.Debug|Any CPU.Build.0 = Debug|Any CPU
		{5C22AD69-51C7-4D3F-9B00-9EFE4D14FDDD}.Release|Any CPU.ActiveCfg = Release|Any CPU
		{5C22AD69-51C7-4D3F-9B00-9EFE4D14FDDD}.Release|Any CPU.Build.0 = Release|Any CPU
		{4919C369-4CDF-4D02-BFFA-0845C0A04857}.Debug|Any CPU.ActiveCfg = Debug|Any CPU
		{4919C369-4CDF-4D02-BFFA-0845C0A04857}.Debug|Any CPU.Build.0 = Debug|Any CPU
		{4919C369-4CDF-4D02-BFFA-0845C0A04857}.Release|Any CPU.ActiveCfg = Release|Any CPU
		{4919C369-4CDF-4D02-BFFA-0845C0A04857}.Release|Any CPU.Build.0 = Release|Any CPU
		{0FACE33A-FFEA-459F-ADDD-E3FDB7B2BF4B}.Debug|Any CPU.ActiveCfg = Debug|Any CPU
		{0FACE33A-FFEA-459F-ADDD-E3FDB7B2BF4B}.Debug|Any CPU.Build.0 = Debug|Any CPU
		{0FACE33A-FFEA-459F-ADDD-E3FDB7B2BF4B}.Release|Any CPU.ActiveCfg = Release|Any CPU
		{0FACE33A-FFEA-459F-ADDD-E3FDB7B2BF4B}.Release|Any CPU.Build.0 = Release|Any CPU
	EndGlobalSection
	GlobalSection(SolutionProperties) = preSolution
		HideSolutionNode = FALSE
	EndGlobalSection
	GlobalSection(ExtensibilityGlobals) = postSolution
		SolutionGuid = {FC300D72-D443-42B1-802D-AF9DA0BAB16D}
	EndGlobalSection
EndGlobal
